
Microsoft Visual Studio Solution File, Format Version 12.00
# Visual Studio Version 17
VisualStudioVersion = 17.5.33424.131
MinimumVisualStudioVersion = 10.0.40219.1
Project("{FAE04EC0-301F-11D3-BF4B-00C04F79EFBC}") = "StylesAnimationTransformation", "StylesAnimationTransformation\StylesAnimationTransformation.csproj", "{26750520-A0E1-4D7C-B20C-52128C6FB177}"
EndProject
Global
	GlobalSection(SolutionConfigurationPlatforms) = preSolution
		Debug|Any CPU = Debug|Any CPU
		Release|Any CPU = Release|Any CPU
	EndGlobalSection
	GlobalSection(ProjectConfigurationPlatforms) = postSolution
		{26750520-A0E1-4D7C-B20C-52128C6FB177}.Debug|Any CPU.ActiveCfg = Debug|Any CPU
		{26750520-A0E1-4D7C-B20C-52128C6FB177}.Debug|Any CPU.Build.0 = Debug|Any CPU
		{26750520-A0E1-4D7C-B20C-52128C6FB177}.Release|Any CPU.ActiveCfg = Release|Any CPU
		{26750520-A0E1-4D7C-B20C-52128C6FB177}.Release|Any CPU.Build.0 = Release|Any CPU
	EndGlobalSection
	GlobalSection(SolutionProperties) = preSolution
		HideSolutionNode = FALSE
	EndGlobalSection
	GlobalSection(ExtensibilityGlobals) = postSolution
		SolutionGuid = {0EE61B31-9EF7-4E4E-8001-FF962D799CF6}
	EndGlobalSection
EndGlobal
